github.com/simonheimlicher/claris-resources v0.0.0-20260119023145-d5521884e714 h1:pgh4DM6ptCOLV1gQMXmSnMRYcNxCzCo8she2ngub4I0=
github.com/simonheimlicher/claris-resources v0.0.0-20260119023145-d5521884e714/go.mod h1:+SFxYUvAEqmdSuD+sYmA3HJ+2LPXZq+WIYx9JYle6bM=
github.com/simonheimlicher/hugo-claris v0.0.0-20260119023751-9deffcefc395 h1:pu4YG6dV2rvSCoDVF8au9tytyvsu3MRM98uAg9Hcdc0=
github.com/simonheimlicher/hugo-claris v0.0.0-20260119023751-9deffcefc395/go.mod h1:2kg3vmWrTd9ywOSQf3YaWYeiVl2Igs881ut18PGlUNU=
