github.com/simonheimlicher/claris-resources v0.0.0-20250410091209-ba5581b44459 h1:sdQlpDUG8v/Aq7BD7Jk//M1DK5ImwSqNUW+0kNMEskA=
github.com/simonheimlicher/claris-resources v0.0.0-20250410091209-ba5581b44459/go.mod h1:fTsqjCD6od8sEyDl5akBH5YZhO6uQJzJX3HpPbmcHwY=
github.com/simonheimlicher/hugo-claris v0.0.0-20250410101003-ffb4680a173d h1:3QAUeTfZwaViiad/fZZih0kuy2tNtRoW4R9k3qe9oFI=
github.com/simonheimlicher/hugo-claris v0.0.0-20250410101003-ffb4680a173d/go.mod h1:19IpwFmLgDSNd6AolnIurdSg7msUv+TlPQAHHF6ffWM=
