github.com/simonheimlicher/hugo-claris v0.0.0-20230519081510-bdb2851e45cb h1:o8lI3WsvEHh6xuIEDga1RnhOVaoKLbQW0TlNEyB7fgA=
github.com/simonheimlicher/hugo-claris v0.0.0-20230519081510-bdb2851e45cb/go.mod h1:tMV+kZlVSu714eEZbnRH6wCthEwgAv5X1V2Bimo8MAM=
github.com/simonheimlicher/hugo-claris v0.0.0-20230829143554-8d4e615c968d h1:PGt7O3j2xmi22HrpEGvHdOLzU0Pn9TUKjijgUL3+/9s=
github.com/simonheimlicher/hugo-claris v0.0.0-20230829143554-8d4e615c968d/go.mod h1:tMV+kZlVSu714eEZbnRH6wCthEwgAv5X1V2Bimo8MAM=
github.com/simonheimlicher/hugo-claris v0.0.0-20230830093925-6f5ef6b096a0 h1:TZWo89PGCzAemNBHwrZB7cfozsLryarYnjskA5E3Wtg=
github.com/simonheimlicher/hugo-claris v0.0.0-20230830093925-6f5ef6b096a0/go.mod h1:tMV+kZlVSu714eEZbnRH6wCthEwgAv5X1V2Bimo8MAM=
github.com/simonheimlicher/hugo-claris v0.0.0-20230831144148-865378d5c4d9 h1:A7rze+ZQTbC6aXkabHKqZQLuYIiJwcfzwZDnursnUoI=
github.com/simonheimlicher/hugo-claris v0.0.0-20230831144148-865378d5c4d9/go.mod h1:tMV+kZlVSu714eEZbnRH6wCthEwgAv5X1V2Bimo8MAM=
github.com/simonheimlicher/hugo-claris v0.0.0-20230901163448-bb15a961e8cb h1:beFICfdFCpJ1FBz99ePqiLZxEe8BbpXIr8B7PdFIgEg=
github.com/simonheimlicher/hugo-claris v0.0.0-20230901163448-bb15a961e8cb/go.mod h1:tMV+kZlVSu714eEZbnRH6wCthEwgAv5X1V2Bimo8MAM=
github.com/simonheimlicher/hugo-claris v0.0.0-20230901171434-2c21e726df0c h1:PjFA03z9lcJW/KMTYcOydOE/4HLJa+By5ln0f1nJ2No=
github.com/simonheimlicher/hugo-claris v0.0.0-20230901171434-2c21e726df0c/go.mod h1:tMV+kZlVSu714eEZbnRH6wCthEwgAv5X1V2Bimo8MAM=
github.com/simonheimlicher/hugo-claris v0.0.0-20230901172809-a1efee5c02fa h1:5g8olokSaI+2l6KJoYvmxi5KDq44Ivym6O4hqLqNUCM=
github.com/simonheimlicher/hugo-claris v0.0.0-20230901172809-a1efee5c02fa/go.mod h1:tMV+kZlVSu714eEZbnRH6wCthEwgAv5X1V2Bimo8MAM=
github.com/simonheimlicher/hugo-claris v0.0.0-20230902234803-48482cb9471b h1:cSTFShPYRdKzqHkouNx/RWdnc8LMsvCsh505VPCVGuA=
github.com/simonheimlicher/hugo-claris v0.0.0-20230902234803-48482cb9471b/go.mod h1:tMV+kZlVSu714eEZbnRH6wCthEwgAv5X1V2Bimo8MAM=
github.com/simonheimlicher/hugo-claris v0.0.0-20230903151933-af5eb0c5bcf3 h1:B8tt9C0srD6JD5F0+p0AMpbcRYMhuqgYNGaLp5GtjnI=
github.com/simonheimlicher/hugo-claris v0.0.0-20230903151933-af5eb0c5bcf3/go.mod h1:tMV+kZlVSu714eEZbnRH6wCthEwgAv5X1V2Bimo8MAM=
github.com/simonheimlicher/hugo-claris v0.0.0-20230904001902-4f01516fdebc h1:kafBSgGsDdJqr7c/FxSF2DK6Ya7yjkCnupdwhrCogBM=
github.com/simonheimlicher/hugo-claris v0.0.0-20230904001902-4f01516fdebc/go.mod h1:tMV+kZlVSu714eEZbnRH6wCthEwgAv5X1V2Bimo8MAM=
github.com/simonheimlicher/hugo-claris v0.0.0-20230904161540-237a4c7279f6 h1:bm9SQ//c7RGXNtZ4hJ3opcPMm87j+N3WEmc65CgSGHo=
github.com/simonheimlicher/hugo-claris v0.0.0-20230904161540-237a4c7279f6/go.mod h1:tMV+kZlVSu714eEZbnRH6wCthEwgAv5X1V2Bimo8MAM=
github.com/simonheimlicher/hugo-claris v0.0.0-20230904163316-fd7b413fef64 h1:I6ou7tuEt+EC4OVE0vbHMMT3xDjsVS3JGjTCp/voPq8=
github.com/simonheimlicher/hugo-claris v0.0.0-20230904163316-fd7b413fef64/go.mod h1:tMV+kZlVSu714eEZbnRH6wCthEwgAv5X1V2Bimo8MAM=
github.com/simonheimlicher/hugo-claris v0.0.0-20230904170653-301ed4db95ab h1:1JNA1h2xzLs2tetY/IuEG+ToYymsm0IMDqsZHnrWVm4=
github.com/simonheimlicher/hugo-claris v0.0.0-20230904170653-301ed4db95ab/go.mod h1:tMV+kZlVSu714eEZbnRH6wCthEwgAv5X1V2Bimo8MAM=
github.com/simonheimlicher/hugo-claris v0.0.0-20230904184556-dc1393689eb8 h1:TK17iLye9Nh1SI3uWZ+6Z9pWW6x9tFxuOBSg1tZ5nuc=
github.com/simonheimlicher/hugo-claris v0.0.0-20230904184556-dc1393689eb8/go.mod h1:tMV+kZlVSu714eEZbnRH6wCthEwgAv5X1V2Bimo8MAM=
github.com/simonheimlicher/hugo-claris v0.0.0-20230904194725-3928a83f8f1e h1:C3f9R/nKQfY0yafKtC3fdQxTwqEoMmnjhdFgJ7/G4XQ=
github.com/simonheimlicher/hugo-claris v0.0.0-20230904194725-3928a83f8f1e/go.mod h1:tMV+kZlVSu714eEZbnRH6wCthEwgAv5X1V2Bimo8MAM=
